
Microsoft Visual Studio Solution File, Format Version 12.00
# Visual Studio Version 17
VisualStudioVersion = 17.8.34322.80
MinimumVisualStudioVersion = 10.0.40219.1
Project("{9A19103F-16F7-4668-BE54-9A1E7A4F7556}") = "Tic_Tac_Toe_Game", "Tic_Tac_Toe_Game\Tic_Tac_Toe_Game.csproj", "{97611EE0-9E9E-4019-BD90-7D1FFD232408}"
EndProject
Project("{FAE04EC0-301F-11D3-BF4B-00C04F79EFBC}") = "Tic_Tac_Toe_GameTests", "Tic_Tac_Toe_GameTests\Tic_Tac_Toe_GameTests.csproj", "{E8837E98-791E-4106-9139-CA783E2A0E91}"
EndProject
Global
	GlobalSection(SolutionConfigurationPlatforms) = preSolution
		Debug|Any CPU = Debug|Any CPU
		Release|Any CPU = Release|Any CPU
	EndGlobalSection
	GlobalSection(ProjectConfigurationPlatforms) = postSolution
		{97611EE0-9E9E-4019-BD90-7D1FFD232408}.Debug|Any CPU.ActiveCfg = Debug|Any CPU
		{97611EE0-9E9E-4019-BD90-7D1FFD232408}.Debug|Any CPU.Build.0 = Debug|Any CPU
		{97611EE0-9E9E-4019-BD90-7D1FFD232408}.Release|Any CPU.ActiveCfg = Release|Any CPU
		{97611EE0-9E9E-4019-BD90-7D1FFD232408}.Release|Any CPU.Build.0 = Release|Any CPU
		{E8837E98-791E-4106-9139-CA783E2A0E91}.Debug|Any CPU.ActiveCfg = Debug|Any CPU
		{E8837E98-791E-4106-9139-CA783E2A0E91}.Debug|Any CPU.Build.0 = Debug|Any CPU
		{E8837E98-791E-4106-9139-CA783E2A0E91}.Release|Any CPU.ActiveCfg = Release|Any CPU
		{E8837E98-791E-4106-9139-CA783E2A0E91}.Release|Any CPU.Build.0 = Release|Any CPU
	EndGlobalSection
	GlobalSection(SolutionProperties) = preSolution
		HideSolutionNode = FALSE
	EndGlobalSection
	GlobalSection(ExtensibilityGlobals) = postSolution
		SolutionGuid = {4020D513-B8CA-4503-A8B6-35E241E34F92}
	EndGlobalSection
EndGlobal
